
Microsoft Visual Studio Solution File, Format Version 12.00
# Visual Studio Version 17
VisualStudioVersion = 17.6.33815.320
MinimumVisualStudioVersion = 10.0.40219.1
Project("{9A19103F-16F7-4668-BE54-9A1E7A4F7556}") = "EpaperWebApi", "EpaperWebApi.csproj", "{2D9FC95B-3A3F-4AA6-8619-72859022CD5A}"
	ProjectSection(ProjectDependencies) = postProject
		{B9C850E1-414D-4D6A-93E6-018602A209B5} = {B9C850E1-414D-4D6A-93E6-018602A209B5}
	EndProjectSection
EndProject
Project("{9A19103F-16F7-4668-BE54-9A1E7A4F7556}") = "EpaperPHDModel", "..\EpaperPHDModel\EpaperPHDModel.csproj", "{B9C850E1-414D-4D6A-93E6-018602A209B5}"
EndProject
Project("{FAE04EC0-301F-11D3-BF4B-00C04F79EFBC}") = "EpaperPHDService", "..\EpaperPHDService\EpaperPHDService.csproj", "{2C357AB4-7766-48BE-8399-1A7728412548}"
EndProject
Project("{FAE04EC0-301F-11D3-BF4B-00C04F79EFBC}") = "EpaperPHDService.Intention", "..\EpaperPHDService.Intention\EpaperPHDService.Intention.csproj", "{B1A03B14-A0D8-4044-9C78-18C248298810}"
EndProject
Global
	GlobalSection(SolutionConfigurationPlatforms) = preSolution
		Debug|Any CPU = Debug|Any CPU
		Release|Any CPU = Release|Any CPU
	EndGlobalSection
	GlobalSection(ProjectConfigurationPlatforms) = postSolution
		{2D9FC95B-3A3F-4AA6-8619-72859022CD5A}.Debug|Any CPU.ActiveCfg = Debug|Any CPU
		{2D9FC95B-3A3F-4AA6-8619-72859022CD5A}.Debug|Any CPU.Build.0 = Debug|Any CPU
		{2D9FC95B-3A3F-4AA6-8619-72859022CD5A}.Release|Any CPU.ActiveCfg = Release|Any CPU
		{2D9FC95B-3A3F-4AA6-8619-72859022CD5A}.Release|Any CPU.Build.0 = Release|Any CPU
		{B9C850E1-414D-4D6A-93E6-018602A209B5}.Debug|Any CPU.ActiveCfg = Debug|Any CPU
		{B9C850E1-414D-4D6A-93E6-018602A209B5}.Debug|Any CPU.Build.0 = Debug|Any CPU
		{B9C850E1-414D-4D6A-93E6-018602A209B5}.Release|Any CPU.ActiveCfg = Release|Any CPU
		{B9C850E1-414D-4D6A-93E6-018602A209B5}.Release|Any CPU.Build.0 = Release|Any CPU
		{2C357AB4-7766-48BE-8399-1A7728412548}.Debug|Any CPU.ActiveCfg = Debug|Any CPU
		{2C357AB4-7766-48BE-8399-1A7728412548}.Debug|Any CPU.Build.0 = Debug|Any CPU
		{2C357AB4-7766-48BE-8399-1A7728412548}.Release|Any CPU.ActiveCfg = Release|Any CPU
		{2C357AB4-7766-48BE-8399-1A7728412548}.Release|Any CPU.Build.0 = Release|Any CPU
		{B1A03B14-A0D8-4044-9C78-18C248298810}.Debug|Any CPU.ActiveCfg = Debug|Any CPU
		{B1A03B14-A0D8-4044-9C78-18C248298810}.Debug|Any CPU.Build.0 = Debug|Any CPU
		{B1A03B14-A0D8-4044-9C78-18C248298810}.Release|Any CPU.ActiveCfg = Release|Any CPU
		{B1A03B14-A0D8-4044-9C78-18C248298810}.Release|Any CPU.Build.0 = Release|Any CPU
	EndGlobalSection
	GlobalSection(SolutionProperties) = preSolution
		HideSolutionNode = FALSE
	EndGlobalSection
	GlobalSection(ExtensibilityGlobals) = postSolution
		SolutionGuid = {9CF49399-FA09-4EFC-BCAB-C5922EA05D72}
	EndGlobalSection
EndGlobal
